
Microsoft Visual Studio Solution File, Format Version 12.00
# Visual Studio 15
VisualStudioVersion = 15.0.28307.1145
MinimumVisualStudioVersion = 10.0.40219.1
Project("{FAE04EC0-301F-11D3-BF4B-00C04F79EFBC}") = "WordCSharp", "WordCSharp\WordCSharp.csproj", "{DFFA8A29-F9F4-464B-A054-17E8513AA766}"
EndProject
Global
	GlobalSection(SolutionConfigurationPlatforms) = preSolution
		Debug|Any CPU = Debug|Any CPU
		Release|Any CPU = Release|Any CPU
	EndGlobalSection
	GlobalSection(ProjectConfigurationPlatforms) = postSolution
		{DFFA8A29-F9F4-464B-A054-17E8513AA766}.Debug|Any CPU.ActiveCfg = Debug|Any CPU
		{DFFA8A29-F9F4-464B-A054-17E8513AA766}.Debug|Any CPU.Build.0 = Debug|Any CPU
		{DFFA8A29-F9F4-464B-A054-17E8513AA766}.Release|Any CPU.ActiveCfg = Release|Any CPU
		{DFFA8A29-F9F4-464B-A054-17E8513AA766}.Release|Any CPU.Build.0 = Release|Any CPU
	EndGlobalSection
	GlobalSection(SolutionProperties) = preSolution
		HideSolutionNode = FALSE
	EndGlobalSection
	GlobalSection(ExtensibilityGlobals) = postSolution
		SolutionGuid = {E93A3F4C-5A81-44FC-9E53-5C2105FB185E}
	EndGlobalSection
EndGlobal
